filelock==3.8.2 \
    --hash=sha256:8df285554452285f79c035efb0c861eb33a4bcfa5b7a137016e32e6a90f9792c
psutil==5.9.4 \
    --hash=sha256:54c0d3d8e0078b7666984e11b12b88af2db11d11249a8ac8920dd5ef68a66e08
pystache==0.6.5 \
    --hash=sha256:84546278219431f1a2ecc86a627cc1b0fe3c83b5612f8a7d9c81ea0119ac8f49
typeguard==2.13.3 \
    --hash=sha256:5e3e3be01e887e7eafae5af63d1f36c849aaa94e3a0112097312aabfa16284f1
